{
  "pins" : [
    {
      "identity" : "w3w-swift-themes",
      "kind" : "remoteSourceControl",
      "location" : "git@github.com:what3words/w3w-swift-themes.git",
      "state" : {
        "revision" : "17b28814d3fed54337d35d67ce15e09e825c8550",
        "version" : "1.1.2"
      }
    }
  ],
  "version" : 2
}
