{
  "pins" : [
    {
      "identity" : "w3w-swift-core",
      "kind" : "remoteSourceControl",
      "location" : "https://github.com/what3words/w3w-swift-core.git",
      "state" : {
        "revision" : "598fc648928208d9f0268680ce15b686329d12f9",
        "version" : "1.1.2"
      }
    },
    {
      "identity" : "w3w-swift-themes",
      "kind" : "remoteSourceControl",
      "location" : "https://github.com/what3words/w3w-swift-themes.git",
      "state" : {
        "revision" : "718555fc83d5745724a222c6ba39add74e0d345e",
        "version" : "1.2.2"
      }
    }
  ],
  "version" : 2
}
