{
  "pins" : [
    {
      "identity" : "w3w-swift-themes",
      "kind" : "remoteSourceControl",
      "location" : "https://github.com/what3words/w3w-swift-themes.git",
      "state" : {
        "revision" : "bd201b3c09d7d2cb7dc88423ea034de92fa3334b",
        "version" : "1.2.0"
      }
    }
  ],
  "version" : 2
}
